// !$*UTF8*$!
{
	archiveVersion = 1;
	classes = {
	};
	objectVersion = 56;
	objects = {

/* Begin PBXBuildFile section */
		FDCA150A2B4A8A7100E8B4BE /* AppDelegate.swift in Sources */ = {isa = PBXBuildFile; fileRef = FDCA15092B4A8A7100E8B4BE /* AppDelegate.swift */; };
		FDCA150C2B4A8A7100E8B4BE /* SceneDelegate.swift in Sources */ = {isa = PBXBuildFile; fileRef = FDCA150B2B4A8A7100E8B4BE /* SceneDelegate.swift */; };
		FDCA150E2B4A8A7100E8B4BE /* ViewController.swift in Sources */ = {isa = PBXBuildFile; fileRef = FDCA150D2B4A8A7100E8B4BE /* ViewController.swift */; };
		FDCA15112B4A8A7100E8B4BE /* Main.storyboard in Resources */ = {isa = PBXBuildFile; fileRef = FDCA150F2B4A8A7100E8B4BE /* Main.storyboard */; };
		FDCA15132B4A8A7500E8B4BE /* Assets.xcassets in Resources */ = {isa = PBXBuildFile; fileRef = FDCA15122B4A8A7500E8B4BE /* Assets.xcassets */; };
		FDCA15162B4A8A7500E8B4BE /* LaunchScreen.storyboard in Resources */ = {isa = PBXBuildFile; fileRef = FDCA15142B4A8A7500E8B4BE /* LaunchScreen.storyboard */; };
		FDCA15212B4A8A7600E8B4BE /* HelloSwiftProjectTests.swift in Sources */ = {isa = PBXBuildFile; fileRef = FDCA15202B4A8A7600E8B4BE /* HelloSwiftProjectTests.swift */; };
		FDCA152B2B4A8A7600E8B4BE /* HelloSwiftProjectUITests.swift in Sources */ = {isa = PBXBuildFile; fileRef = FDCA152A2B4A8A7600E8B4BE /* HelloSwiftProjectUITests.swift */; };
		FDCA152D2B4A8A7600E8B4BE /* HelloSwiftProjectUITestsLaunchTests.swift in Sources */ = {isa = PBXBuildFile; fileRef = FDCA152C2B4A8A7600E8B4BE /* HelloSwiftProjectUITestsLaunchTests.swift */; };
/* End PBXBuildFile section */

/* Begin PBXContainerItemProxy section */
		FDCA151D2B4A8A7600E8B4BE /* PBXContainerItemProxy */ = {
			isa = PBXContainerItemProxy;
			containerPortal = FDCA14FE2B4A8A7100E8B4BE /* Project object */;
			proxyType = 1;
			remoteGlobalIDString = FDCA15052B4A8A7100E8B4BE;
			remoteInfo = HelloSwiftProject;
		};
		FDCA15272B4A8A7600E8B4BE /* PBXContainerItemProxy */ = {
			isa = PBXContainerItemProxy;
			containerPortal = FDCA14FE2B4A8A7100E8B4BE /* Project object */;
			proxyType = 1;
			remoteGlobalIDString = FDCA15052B4A8A7100E8B4BE;
			remoteInfo = HelloSwiftProject;
		};
/* End PBXContainerItemProxy section */

/* Begin PBXFileReference section */
		FDCA15062B4A8A7100E8B4BE /* HelloSwiftProject.app */ = {isa = PBXFileReference; explicitFileType = wrapper.application; includeInIndex = 0; path = HelloSwiftProject.app; sourceTree = BUILT_PRODUCTS_DIR; };
		FDCA15092B4A8A7100E8B4BE /* AppDelegate.swift */ = {isa = PBXFileReference; lastKnownFileType = sourcecode.swift; path = AppDelegate.swift; sourceTree = "<group>"; };
		FDCA150B2B4A8A7100E8B4BE /* SceneDelegate.swift */ = {isa = PBXFileReference; lastKnownFileType = sourcecode.swift; path = SceneDelegate.swift; sourceTree = "<group>"; };
		FDCA150D2B4A8A7100E8B4BE /* ViewController.swift */ = {isa = PBXFileReference; lastKnownFileType = sourcecode.swift; path = ViewController.swift; sourceTree = "<group>"; };
		FDCA15102B4A8A7100E8B4BE /* Base */ = {isa = PBXFileReference; lastKnownFileType = file.storyboard; name = Base; path = Base.lproj/Main.storyboard; sourceTree = "<group>"; };
		FDCA15122B4A8A7500E8B4BE /* Assets.xcassets */ = {isa = PBXFileReference; lastKnownFileType = folder.assetcatalog; path = Assets.xcassets; sourceTree = "<group>"; };
		FDCA15152B4A8A7500E8B4BE /* Base */ = {isa = PBXFileReference; lastKnownFileType = file.storyboard; name = Base; path = Base.lproj/LaunchScreen.storyboard; sourceTree = "<group>"; };
		FDCA15172B4A8A7500E8B4BE /* Info.plist */ = {isa = PBXFileReference; lastKnownFileType = text.plist.xml; path = Info.plist; sourceTree = "<group>"; };
		FDCA151C2B4A8A7600E8B4BE /* HelloSwiftProjectTests.xctest */ = {isa = PBXFileReference; explicitFileType = wrapper.cfbundle; includeInIndex = 0; path = HelloSwiftProjectTests.xctest; sourceTree = BUILT_PRODUCTS_DIR; };
		FDCA15202B4A8A7600E8B4BE /* HelloSwiftProjectTests.swift */ = {isa = PBXFileReference; lastKnownFileType = sourcecode.swift; path = HelloSwiftProjectTests.swift; sourceTree = "<group>"; };
		FDCA15262B4A8A7600E8B4BE /* HelloSwiftProjectUITests.xctest */ = {isa = PBXFileReference; explicitFileType = wrapper.cfbundle; includeInIndex = 0; path = HelloSwiftProjectUITests.xctest; sourceTree = BUILT_PRODUCTS_DIR; };
		FDCA152A2B4A8A7600E8B4BE /* HelloSwiftProjectUITests.swift */ = {isa = PBXFileReference; lastKnownFileType = sourcecode.swift; path = HelloSwiftProjectUITests.swift; sourceTree = "<group>"; };
		FDCA152C2B4A8A7600E8B4BE /* HelloSwiftProjectUITestsLaunchTests.swift */ = {isa = PBXFileReference; lastKnownFileType = sourcecode.swift; path = HelloSwiftProjectUITestsLaunchTests.swift; sourceTree = "<group>"; };
/* End PBXFileReference section */

/* Begin PBXFrameworksBuildPhase section */
		FDCA15032B4A8A7100E8B4BE /* Frameworks */ = {
			isa = PBXFrameworksBuildPhase;
			buildActionMask = 2147483647;
			files = (
			);
			runOnlyForDeploymentPostprocessing = 0;
		};
		FDCA15192B4A8A7600E8B4BE /* Frameworks */ = {
			isa = PBXFrameworksBuildPhase;
			buildActionMask = 2147483647;
			files = (
			);
			runOnlyForDeploymentPostprocessing = 0;
		};
		FDCA15232B4A8A7600E8B4BE /* Frameworks */ = {
			isa = PBXFrameworksBuildPhase;
			buildActionMask = 2147483647;
			files = (
			);
			runOnlyForDeploymentPostprocessing = 0;
		};
/* End PBXFrameworksBuildPhase section */

/* Begin PBXGroup section */
		FDCA14FD2B4A8A7100E8B4BE = {
			isa = PBXGroup;
			children = (
				FDCA15082B4A8A7100E8B4BE /* HelloSwiftProject */,
				FDCA151F2B4A8A7600E8B4BE /* HelloSwiftProjectTests */,
				FDCA15292B4A8A7600E8B4BE /* HelloSwiftProjectUITests */,
				FDCA15072B4A8A7100E8B4BE /* Products */,
			);
			sourceTree = "<group>";
		};
		FDCA15072B4A8A7100E8B4BE /* Products */ = {
			isa = PBXGroup;
			children = (
				FDCA15062B4A8A7100E8B4BE /* HelloSwiftProject.app */,
				FDCA151C2B4A8A7600E8B4BE /* HelloSwiftProjectTests.xctest */,
				FDCA15262B4A8A7600E8B4BE /* HelloSwiftProjectUITests.xctest */,
			);
			name = Products;
			sourceTree = "<group>";
		};
		FDCA15082B4A8A7100E8B4BE /* HelloSwiftProject */ = {
			isa = PBXGroup;
			children = (
				FDCA15092B4A8A7100E8B4BE /* AppDelegate.swift */,
				FDCA150B2B4A8A7100E8B4BE /* SceneDelegate.swift */,
				FDCA150D2B4A8A7100E8B4BE /* ViewController.swift */,
				FDCA150F2B4A8A7100E8B4BE /* Main.storyboard */,
				FDCA15122B4A8A7500E8B4BE /* Assets.xcassets */,
				FDCA15142B4A8A7500E8B4BE /* LaunchScreen.storyboard */,
				FDCA15172B4A8A7500E8B4BE /* Info.plist */,
			);
			path = HelloSwiftProject;
			sourceTree = "<group>";
		};
		FDCA151F2B4A8A7600E8B4BE /* HelloSwiftProjectTests */ = {
			isa = PBXGroup;
			children = (
				FDCA15202B4A8A7600E8B4BE /* HelloSwiftProjectTests.swift */,
			);
			path = HelloSwiftProjectTests;
			sourceTree = "<group>";
		};
		FDCA15292B4A8A7600E8B4BE /* HelloSwiftProjectUITests */ = {
			isa = PBXGroup;
			children = (
				FDCA152A2B4A8A7600E8B4BE /* HelloSwiftProjectUITests.swift */,
				FDCA152C2B4A8A7600E8B4BE /* HelloSwiftProjectUITestsLaunchTests.swift */,
			);
			path = HelloSwiftProjectUITests;
			sourceTree = "<group>";
		};
/* End PBXGroup section */

/* Begin PBXNativeTarget section */
		FDCA15052B4A8A7100E8B4BE /* HelloSwiftProject */ = {
			isa = PBXNativeTarget;
			buildConfigurationList = FDCA15302B4A8A7600E8B4BE /* Build configuration list for PBXNativeTarget "HelloSwiftProject" */;
			buildPhases = (
				FDCA15022B4A8A7100E8B4BE /* Sources */,
				FDCA15032B4A8A7100E8B4BE /* Frameworks */,
				FDCA15042B4A8A7100E8B4BE /* Resources */,
			);
			buildRules = (
			);
			dependencies = (
			);
			name = HelloSwiftProject;
			productName = HelloSwiftProject;
			productReference = FDCA15062B4A8A7100E8B4BE /* HelloSwiftProject.app */;
			productType = "com.apple.product-type.application";
		};
		FDCA151B2B4A8A7600E8B4BE /* HelloSwiftProjectTests */ = {
			isa = PBXNativeTarget;
			buildConfigurationList = FDCA15332B4A8A7600E8B4BE /* Build configuration list for PBXNativeTarget "HelloSwiftProjectTests" */;
			buildPhases = (
				FDCA15182B4A8A7600E8B4BE /* Sources */,
				FDCA15192B4A8A7600E8B4BE /* Frameworks */,
				FDCA151A2B4A8A7600E8B4BE /* Resources */,
			);
			buildRules = (
			);
			dependencies = (
				FDCA151E2B4A8A7600E8B4BE /* PBXTargetDependency */,
			);
			name = HelloSwiftProjectTests;
			productName = HelloSwiftProjectTests;
			productReference = FDCA151C2B4A8A7600E8B4BE /* HelloSwiftProjectTests.xctest */;
			productType = "com.apple.product-type.bundle.unit-test";
		};
		FDCA15252B4A8A7600E8B4BE /* HelloSwiftProjectUITests */ = {
			isa = PBXNativeTarget;
			buildConfigurationList = FDCA15362B4A8A7600E8B4BE /* Build configuration list for PBXNativeTarget "HelloSwiftProjectUITests" */;
			buildPhases = (
				FDCA15222B4A8A7600E8B4BE /* Sources */,
				FDCA15232B4A8A7600E8B4BE /* Frameworks */,
				FDCA15242B4A8A7600E8B4BE /* Resources */,
			);
			buildRules = (
			);
			dependencies = (
				FDCA15282B4A8A7600E8B4BE /* PBXTargetDependency */,
			);
			name = HelloSwiftProjectUITests;
			productName = HelloSwiftProjectUITests;
			productReference = FDCA15262B4A8A7600E8B4BE /* HelloSwiftProjectUITests.xctest */;
			productType = "com.apple.product-type.bundle.ui-testing";
		};
/* End PBXNativeTarget section */

/* Begin PBXProject section */
		FDCA14FE2B4A8A7100E8B4BE /* Project object */ = {
			isa = PBXProject;
			attributes = {
				BuildIndependentTargetsInParallel = 1;
				LastSwiftUpdateCheck = 1430;
				LastUpgradeCheck = 1430;
				TargetAttributes = {
					FDCA15052B4A8A7100E8B4BE = {
						CreatedOnToolsVersion = 14.3.1;
					};
					FDCA151B2B4A8A7600E8B4BE = {
						CreatedOnToolsVersion = 14.3.1;
						TestTargetID = FDCA15052B4A8A7100E8B4BE;
					};
					FDCA15252B4A8A7600E8B4BE = {
						CreatedOnToolsVersion = 14.3.1;
						TestTargetID = FDCA15052B4A8A7100E8B4BE;
					};
				};
			};
			buildConfigurationList = FDCA15012B4A8A7100E8B4BE /* Build configuration list for PBXProject "HelloSwiftProject" */;
			compatibilityVersion = "Xcode 14.0";
			developmentRegion = en;
			hasScannedForEncodings = 0;
			knownRegions = (
				en,
				Base,
			);
			mainGroup = FDCA14FD2B4A8A7100E8B4BE;
			productRefGroup = FDCA15072B4A8A7100E8B4BE /* Products */;
			projectDirPath = "";
			projectRoot = "";
			targets = (
				FDCA15052B4A8A7100E8B4BE /* HelloSwiftProject */,
				FDCA151B2B4A8A7600E8B4BE /* HelloSwiftProjectTests */,
				FDCA15252B4A8A7600E8B4BE /* HelloSwiftProjectUITests */,
			);
		};
/* End PBXProject section */

/* Begin PBXResourcesBuildPhase section */
		FDCA15042B4A8A7100E8B4BE /* Resources */ = {
			isa = PBXResourcesBuildPhase;
			buildActionMask = 2147483647;
			files = (
				FDCA15162B4A8A7500E8B4BE /* LaunchScreen.storyboard in Resources */,
				FDCA15132B4A8A7500E8B4BE /* Assets.xcassets in Resources */,
				FDCA15112B4A8A7100E8B4BE /* Main.storyboard in Resources */,
			);
			runOnlyForDeploymentPostprocessing = 0;
		};
		FDCA151A2B4A8A7600E8B4BE /* Resources */ = {
			isa = PBXResourcesBuildPhase;
			buildActionMask = 2147483647;
			files = (
			);
			runOnlyForDeploymentPostprocessing = 0;
		};
		FDCA15242B4A8A7600E8B4BE /* Resources */ = {
			isa = PBXResourcesBuildPhase;
			buildActionMask = 2147483647;
			files = (
			);
			runOnlyForDeploymentPostprocessing = 0;
		};
/* End PBXResourcesBuildPhase section */

/* Begin PBXSourcesBuildPhase section */
		FDCA15022B4A8A7100E8B4BE /* Sources */ = {
			isa = PBXSourcesBuildPhase;
			buildActionMask = 2147483647;
			files = (
				FDCA150E2B4A8A7100E8B4BE /* ViewController.swift in Sources */,
				FDCA150A2B4A8A7100E8B4BE /* AppDelegate.swift in Sources */,
				FDCA150C2B4A8A7100E8B4BE /* SceneDelegate.swift in Sources */,
			);
			runOnlyForDeploymentPostprocessing = 0;
		};
		FDCA15182B4A8A7600E8B4BE /* Sources */ = {
			isa = PBXSourcesBuildPhase;
			buildActionMask = 2147483647;
			files = (
				FDCA15212B4A8A7600E8B4BE /* HelloSwiftProjectTests.swift in Sources */,
			);
			runOnlyForDeploymentPostprocessing = 0;
		};
		FDCA15222B4A8A7600E8B4BE /* Sources */ = {
			isa = PBXSourcesBuildPhase;
			buildActionMask = 2147483647;
			files = (
				FDCA152B2B4A8A7600E8B4BE /* HelloSwiftProjectUITests.swift in Sources */,
				FDCA152D2B4A8A7600E8B4BE /* HelloSwiftProjectUITestsLaunchTests.swift in Sources */,
			);
			runOnlyForDeploymentPostprocessing = 0;
		};
/* End PBXSourcesBuildPhase section */

/* Begin PBXTargetDependency section */
		FDCA151E2B4A8A7600E8B4BE /* PBXTargetDependency */ = {
			isa = PBXTargetDependency;
			target = FDCA15052B4A8A7100E8B4BE /* HelloSwiftProject */;
			targetProxy = FDCA151D2B4A8A7600E8B4BE /* PBXContainerItemProxy */;
		};
		FDCA15282B4A8A7600E8B4BE /* PBXTargetDependency */ = {
			isa = PBXTargetDependency;
			target = FDCA15052B4A8A7100E8B4BE /* HelloSwiftProject */;
			targetProxy = FDCA15272B4A8A7600E8B4BE /* PBXContainerItemProxy */;
		};
/* End PBXTargetDependency section */

/* Begin PBXVariantGroup section */
		FDCA150F2B4A8A7100E8B4BE /* Main.storyboard */ = {
			isa = PBXVariantGroup;
			children = (
				FDCA15102B4A8A7100E8B4BE /* Base */,
			);
			name = Main.storyboard;
			sourceTree = "<group>";
		};
		FDCA15142B4A8A7500E8B4BE /* LaunchScreen.storyboard */ = {
			isa = PBXVariantGroup;
			children = (
				FDCA15152B4A8A7500E8B4BE /* Base */,
			);
			name = LaunchScreen.storyboard;
			sourceTree = "<group>";
		};
/* End PBXVariantGroup section */

/* Begin XCBuildConfiguration section */
		FDCA152E2B4A8A7600E8B4BE /* Debug */ = {
			isa = XCBuildConfiguration;
			buildSettings = {
				ALWAYS_SEARCH_USER_PATHS = NO;
				CLANG_ANALYZER_NONNULL = YES;
				CLANG_ANALYZER_NUMBER_OBJECT_CONVERSION = YES_AGGRESSIVE;
				CLANG_CXX_LANGUAGE_STANDARD = "gnu++20";
				CLANG_ENABLE_MODULES = YES;
				CLANG_ENABLE_OBJC_ARC = YES;
				CLANG_ENABLE_OBJC_WEAK = YES;
				CLANG_WARN_BLOCK_CAPTURE_AUTORELEASING = YES;
				CLANG_WARN_BOOL_CONVERSION = YES;
				CLANG_WARN_COMMA = YES;
				CLANG_WARN_CONSTANT_CONVERSION = YES;
				CLANG_WARN_DEPRECATED_OBJC_IMPLEMENTATIONS = YES;
				CLANG_WARN_DIRECT_OBJC_ISA_USAGE = YES_ERROR;
				CLANG_WARN_DOCUMENTATION_COMMENTS = YES;
				CLANG_WARN_EMPTY_BODY = YES;
				CLANG_WARN_ENUM_CONVERSION = YES;
				CLANG_WARN_INFINITE_RECURSION = YES;
				CLANG_WARN_INT_CONVERSION = YES;
				CLANG_WARN_NON_LITERAL_NULL_CONVERSION = YES;
				CLANG_WARN_OBJC_IMPLICIT_RETAIN_SELF = YES;
				CLANG_WARN_OBJC_LITERAL_CONVERSION = YES;
				CLANG_WARN_OBJC_ROOT_CLASS = YES_ERROR;
				CLANG_WARN_QUOTED_INCLUDE_IN_FRAMEWORK_HEADER = YES;
				CLANG_WARN_RANGE_LOOP_ANALYSIS = YES;
				CLANG_WARN_STRICT_PROTOTYPES = YES;
				CLANG_WARN_SUSPICIOUS_MOVE = YES;
				CLANG_WARN_UNGUARDED_AVAILABILITY = YES_AGGRESSIVE;
				CLANG_WARN_UNREACHABLE_CODE = YES;
				CLANG_WARN__DUPLICATE_METHOD_MATCH = YES;
				COPY_PHASE_STRIP = NO;
				DEBUG_INFORMATION_FORMAT = dwarf;
				ENABLE_STRICT_OBJC_MSGSEND = YES;
				ENABLE_TESTABILITY = YES;
				GCC_C_LANGUAGE_STANDARD = gnu11;
				GCC_DYNAMIC_NO_PIC = NO;
				GCC_NO_COMMON_BLOCKS = YES;
				GCC_OPTIMIZATION_LEVEL = 0;
				GCC_PREPROCESSOR_DEFINITIONS = (
					"DEBUG=1",
					"$(inherited)",
				);
				GCC_WARN_64_TO_32_BIT_CONVERSION = YES;
				GCC_WARN_ABOUT_RETURN_TYPE = YES_ERROR;
				GCC_WARN_UNDECLARED_SELECTOR = YES;
				GCC_WARN_UNINITIALIZED_AUTOS = YES_AGGRESSIVE;
				GCC_WARN_UNUSED_FUNCTION = YES;
				GCC_WARN_UNUSED_VARIABLE = YES;
				IPHONEOS_DEPLOYMENT_TARGET = 16.4;
				MTL_ENABLE_DEBUG_INFO = INCLUDE_SOURCE;
				MTL_FAST_MATH = YES;
				ONLY_ACTIVE_ARCH = YES;
				SDKROOT = iphoneos;
				SWIFT_ACTIVE_COMPILATION_CONDITIONS = DEBUG;
				SWIFT_OPTIMIZATION_LEVEL = "-Onone";
			};
			name = Debug;
		};
		FDCA152F2B4A8A7600E8B4BE /* Release */ = {
			isa = XCBuildConfiguration;
			buildSettings = {
				ALWAYS_SEARCH_USER_PATHS = NO;
				CLANG_ANALYZER_NONNULL = YES;
				CLANG_ANALYZER_NUMBER_OBJECT_CONVERSION = YES_AGGRESSIVE;
				CLANG_CXX_LANGUAGE_STANDARD = "gnu++20";
				CLANG_ENABLE_MODULES = YES;
				CLANG_ENABLE_OBJC_ARC = YES;
				CLANG_ENABLE_OBJC_WEAK = YES;
				CLANG_WARN_BLOCK_CAPTURE_AUTORELEASING = YES;
				CLANG_WARN_BOOL_CONVERSION = YES;
				CLANG_WARN_COMMA = YES;
				CLANG_WARN_CONSTANT_CONVERSION = YES;
				CLANG_WARN_DEPRECATED_OBJC_IMPLEMENTATIONS = YES;
				CLANG_WARN_DIRECT_OBJC_ISA_USAGE = YES_ERROR;
				CLANG_WARN_DOCUMENTATION_COMMENTS = YES;
				CLANG_WARN_EMPTY_BODY = YES;
				CLANG_WARN_ENUM_CONVERSION = YES;
				CLANG_WARN_INFINITE_RECURSION = YES;
				CLANG_WARN_INT_CONVERSION = YES;
				CLANG_WARN_NON_LITERAL_NULL_CONVERSION = YES;
				CLANG_WARN_OBJC_IMPLICIT_RETAIN_SELF = YES;
				CLANG_WARN_OBJC_LITERAL_CONVERSION = YES;
				CLANG_WARN_OBJC_ROOT_CLASS = YES_ERROR;
				CLANG_WARN_QUOTED_INCLUDE_IN_FRAMEWORK_HEADER = YES;
				CLANG_WARN_RANGE_LOOP_ANALYSIS = YES;
				CLANG_WARN_STRICT_PROTOTYPES = YES;
				CLANG_WARN_SUSPICIOUS_MOVE = YES;
				CLANG_WARN_UNGUARDED_AVAILABILITY = YES_AGGRESSIVE;
				CLANG_WARN_UNREACHABLE_CODE = YES;
				CLANG_WARN__DUPLICATE_METHOD_MATCH = YES;
				COPY_PHASE_STRIP = NO;
				DEBUG_INFORMATION_FORMAT = "dwarf-with-dsym";
				ENABLE_NS_ASSERTIONS = NO;
				ENABLE_STRICT_OBJC_MSGSEND = YES;
				GCC_C_LANGUAGE_STANDARD = gnu11;
				GCC_NO_COMMON_BLOCKS = YES;
				GCC_WARN_64_TO_32_BIT_CONVERSION = YES;
				GCC_WARN_ABOUT_RETURN_TYPE = YES_ERROR;
				GCC_WARN_UNDECLARED_SELECTOR = YES;
				GCC_WARN_UNINITIALIZED_AUTOS = YES_AGGRESSIVE;
				GCC_WARN_UNUSED_FUNCTION = YES;
				GCC_WARN_UNUSED_VARIABLE = YES;
				IPHONEOS_DEPLOYMENT_TARGET = 16.4;
				MTL_ENABLE_DEBUG_INFO = NO;
				MTL_FAST_MATH = YES;
				SDKROOT = iphoneos;
				SWIFT_COMPILATION_MODE = wholemodule;
				SWIFT_OPTIMIZATION_LEVEL = "-O";
				VALIDATE_PRODUCT = YES;
			};
			name = Release;
		};
		FDCA15312B4A8A7600E8B4BE /* Debug */ = {
			isa = XCBuildConfiguration;
			buildSettings = {
				ASSETCATALOG_COMPILER_APPICON_NAME = AppIcon;
				ASSETCATALOG_COMPILER_GLOBAL_ACCENT_COLOR_NAME = AccentColor;
				CODE_SIGN_STYLE = Automatic;
				CURRENT_PROJECT_VERSION = 1;
				GENERATE_INFOPLIST_FILE = YES;
				INFOPLIST_FILE = HelloSwiftProject/Info.plist;
				INFOPLIST_KEY_UIApplicationSupportsIndirectInputEvents = YES;
				INFOPLIST_KEY_UILaunchStoryboardName = LaunchScreen;
				INFOPLIST_KEY_UIMainStoryboardFile = Main;
				INFOPLIST_KEY_UISupportedInterfaceOrientations_iPad = "UIInterfaceOrientationPortrait UIInterfaceOrientationPortraitUpsideDown UIInterfaceOrientationLandscapeLeft UIInterfaceOrientationLandscapeRight";
				INFOPLIST_KEY_UISupportedInterfaceOrientations_iPhone = "UIInterfaceOrientationPortrait UIInterfaceOrientationLandscapeLeft UIInterfaceOrientationLandscapeRight";
				LD_RUNPATH_SEARCH_PATHS = (
					"$(inherited)",
					"@executable_path/Frameworks",
				);
				MARKETING_VERSION = 1.0;
				PRODUCT_BUNDLE_IDENTIFIER = alpaka.HelloSwiftProject;
				PRODUCT_NAME = "$(TARGET_NAME)";
				SWIFT_EMIT_LOC_STRINGS = YES;
				SWIFT_VERSION = 5.0;
				TARGETED_DEVICE_FAMILY = "1,2";
			};
			name = Debug;
		};
		FDCA15322B4A8A7600E8B4BE /* Release */ = {
			isa = XCBuildConfiguration;
			buildSettings = {
				ASSETCATALOG_COMPILER_APPICON_NAME = AppIcon;
				ASSETCATALOG_COMPILER_GLOBAL_ACCENT_COLOR_NAME = AccentColor;
				CODE_SIGN_STYLE = Automatic;
				CURRENT_PROJECT_VERSION = 1;
				GENERATE_INFOPLIST_FILE = YES;
				INFOPLIST_FILE = HelloSwiftProject/Info.plist;
				INFOPLIST_KEY_UIApplicationSupportsIndirectInputEvents = YES;
				INFOPLIST_KEY_UILaunchStoryboardName = LaunchScreen;
				INFOPLIST_KEY_UIMainStoryboardFile = Main;
				INFOPLIST_KEY_UISupportedInterfaceOrientations_iPad = "UIInterfaceOrientationPortrait UIInterfaceOrientationPortraitUpsideDown UIInterfaceOrientationLandscapeLeft UIInterfaceOrientationLandscapeRight";
				INFOPLIST_KEY_UISupportedInterfaceOrientations_iPhone = "UIInterfaceOrientationPortrait UIInterfaceOrientationLandscapeLeft UIInterfaceOrientationLandscapeRight";
				LD_RUNPATH_SEARCH_PATHS = (
					"$(inherited)",
					"@executable_path/Frameworks",
				);
				MARKETING_VERSION = 1.0;
				PRODUCT_BUNDLE_IDENTIFIER = alpaka.HelloSwiftProject;
				PRODUCT_NAME = "$(TARGET_NAME)";
				SWIFT_EMIT_LOC_STRINGS = YES;
				SWIFT_VERSION = 5.0;
				TARGETED_DEVICE_FAMILY = "1,2";
			};
			name = Release;
		};
		FDCA15342B4A8A7600E8B4BE /* Debug */ = {
			isa = XCBuildConfiguration;
			buildSettings = {
				ALWAYS_EMBED_SWIFT_STANDARD_LIBRARIES = YES;
				BUNDLE_LOADER = "$(TEST_HOST)";
				CODE_SIGN_STYLE = Automatic;
				CURRENT_PROJECT_VERSION = 1;
				GENERATE_INFOPLIST_FILE = YES;
				IPHONEOS_DEPLOYMENT_TARGET = 16.4;
				MARKETING_VERSION = 1.0;
				PRODUCT_BUNDLE_IDENTIFIER = alpaka.HelloSwiftProjectTests;
				PRODUCT_NAME = "$(TARGET_NAME)";
				SWIFT_EMIT_LOC_STRINGS = NO;
				SWIFT_VERSION = 5.0;
				TARGETED_DEVICE_FAMILY = "1,2";
				TEST_HOST = "$(BUILT_PRODUCTS_DIR)/HelloSwiftProject.app/$(BUNDLE_EXECUTABLE_FOLDER_PATH)/HelloSwiftProject";
			};
			name = Debug;
		};
		FDCA15352B4A8A7600E8B4BE /* Release */ = {
			isa = XCBuildConfiguration;
			buildSettings = {
				ALWAYS_EMBED_SWIFT_STANDARD_LIBRARIES = YES;
				BUNDLE_LOADER = "$(TEST_HOST)";
				CODE_SIGN_STYLE = Automatic;
				CURRENT_PROJECT_VERSION = 1;
				GENERATE_INFOPLIST_FILE = YES;
				IPHONEOS_DEPLOYMENT_TARGET = 16.4;
				MARKETING_VERSION = 1.0;
				PRODUCT_BUNDLE_IDENTIFIER = alpaka.HelloSwiftProjectTests;
				PRODUCT_NAME = "$(TARGET_NAME)";
				SWIFT_EMIT_LOC_STRINGS = NO;
				SWIFT_VERSION = 5.0;
				TARGETED_DEVICE_FAMILY = "1,2";
				TEST_HOST = "$(BUILT_PRODUCTS_DIR)/HelloSwiftProject.app/$(BUNDLE_EXECUTABLE_FOLDER_PATH)/HelloSwiftProject";
			};
			name = Release;
		};
		FDCA15372B4A8A7600E8B4BE /* Debug */ = {
			isa = XCBuildConfiguration;
			buildSettings = {
				ALWAYS_EMBED_SWIFT_STANDARD_LIBRARIES = YES;
				CODE_SIGN_STYLE = Automatic;
				CURRENT_PROJECT_VERSION = 1;
				GENERATE_INFOPLIST_FILE = YES;
				MARKETING_VERSION = 1.0;
				PRODUCT_BUNDLE_IDENTIFIER = alpaka.HelloSwiftProjectUITests;
				PRODUCT_NAME = "$(TARGET_NAME)";
				SWIFT_EMIT_LOC_STRINGS = NO;
				SWIFT_VERSION = 5.0;
				TARGETED_DEVICE_FAMILY = "1,2";
				TEST_TARGET_NAME = HelloSwiftProject;
			};
			name = Debug;
		};
		FDCA15382B4A8A7600E8B4BE /* Release */ = {
			isa = XCBuildConfiguration;
			buildSettings = {
				ALWAYS_EMBED_SWIFT_STANDARD_LIBRARIES = YES;
				CODE_SIGN_STYLE = Automatic;
				CURRENT_PROJECT_VERSION = 1;
				GENERATE_INFOPLIST_FILE = YES;
				MARKETING_VERSION = 1.0;
				PRODUCT_BUNDLE_IDENTIFIER = alpaka.HelloSwiftProjectUITests;
				PRODUCT_NAME = "$(TARGET_NAME)";
				SWIFT_EMIT_LOC_STRINGS = NO;
				SWIFT_VERSION = 5.0;
				TARGETED_DEVICE_FAMILY = "1,2";
				TEST_TARGET_NAME = HelloSwiftProject;
			};
			name = Release;
		};
/* End XCBuildConfiguration section */

/* Begin XCConfigurationList section */
		FDCA15012B4A8A7100E8B4BE /* Build configuration list for PBXProject "HelloSwiftProject" */ = {
			isa = XCConfigurationList;
			buildConfigurations = (
				FDCA152E2B4A8A7600E8B4BE /* Debug */,
				FDCA152F2B4A8A7600E8B4BE /* Release */,
			);
			defaultConfigurationIsVisible = 0;
			defaultConfigurationName = Release;
		};
		FDCA15302B4A8A7600E8B4BE /* Build configuration list for PBXNativeTarget "HelloSwiftProject" */ = {
			isa = XCConfigurationList;
			buildConfigurations = (
				FDCA15312B4A8A7600E8B4BE /* Debug */,
				FDCA15322B4A8A7600E8B4BE /* Release */,
			);
			defaultConfigurationIsVisible = 0;
			defaultConfigurationName = Release;
		};
		FDCA15332B4A8A7600E8B4BE /* Build configuration list for PBXNativeTarget "HelloSwiftProjectTests" */ = {
			isa = XCConfigurationList;
			buildConfigurations = (
				FDCA15342B4A8A7600E8B4BE /* Debug */,
				FDCA15352B4A8A7600E8B4BE /* Release */,
			);
			defaultConfigurationIsVisible = 0;
			defaultConfigurationName = Release;
		};
		FDCA15362B4A8A7600E8B4BE /* Build configuration list for PBXNativeTarget "HelloSwiftProjectUITests" */ = {
			isa = XCConfigurationList;
			buildConfigurations = (
				FDCA15372B4A8A7600E8B4BE /* Debug */,
				FDCA15382B4A8A7600E8B4BE /* Release */,
			);
			defaultConfigurationIsVisible = 0;
			defaultConfigurationName = Release;
		};
/* End XCConfigurationList section */
	};
	rootObject = FDCA14FE2B4A8A7100E8B4BE /* Project object */;
}
